{
  "name": "youtube_automation",
  "version": "1.0.0",
  "lockfileVersion": 1,
  "requires": true,
  "dependencies": {
    "algorithmia": {
      "version": "0.3.10",
      "resolved": "https://registry.npmjs.org/algorithmia/-/algorithmia-0.3.10.tgz",
      "integrity": "sha1-9xwgqf9WRmCk0c9zlHmV123jRQw="
    },
    "readline-sync": {
      "version": "1.4.10",
      "resolved": "https://registry.npmjs.org/readline-sync/-/readline-sync-1.4.10.tgz",
      "integrity": "sha512-gNva8/6UAe8QYepIQH/jQ2qn91Qj0B9sYjMBBs3QOB8F2CXcKgLxQaJRP76sWVRQt+QU+8fAkCbCvjjMFu7Ycw=="
    },
    "sdb-node": {
      "version": "0.2.2",
      "resolved": "https://registry.npmjs.org/sdb-node/-/sdb-node-0.2.2.tgz",
      "integrity": "sha512-5pdgLYv7t6Xj34pMu57KRt48/f0a08oB9XyozAY/9j2EmZUqKww6Og5j1GHHtfd6+6meOHYUDKJmaj7vf5puCQ=="
    }
  }
}
